// !$*UTF8*$!
{
	archiveVersion = 1;
	classes = {
	};
	objectVersion = 56;
	objects = {

/* Begin PBXBuildFile section */
		2133F43A29D2F1E500862FDC /* Home.swift in Sources */ = {isa = PBXBuildFile; fileRef = 2133F43929D2F1E500862FDC /* Home.swift */; };
		2133F43D29D3325200862FDC /* Note.swift in Sources */ = {isa = PBXBuildFile; fileRef = 2133F43C29D3325200862FDC /* Note.swift */; };
		215CA46629B39B3F009484B6 /* stickyApp.swift in Sources */ = {isa = PBXBuildFile; fileRef = 215CA46529B39B3F009484B6 /* stickyApp.swift */; };
		215CA46829B39B3F009484B6 /* ContentView.swift in Sources */ = {isa = PBXBuildFile; fileRef = 215CA46729B39B3F009484B6 /* ContentView.swift */; };
		215CA46A29B39B40009484B6 /* Assets.xcassets in Resources */ = {isa = PBXBuildFile; fileRef = 215CA46929B39B40009484B6 /* Assets.xcassets */; };
		215CA46D29B39B40009484B6 /* Preview Assets.xcassets in Resources */ = {isa = PBXBuildFile; fileRef = 215CA46C29B39B40009484B6 /* Preview Assets.xcassets */; };
		2179E11729D4A585000D43D4 /* CardView.swift in Sources */ = {isa = PBXBuildFile; fileRef = 2179E11629D4A585000D43D4 /* CardView.swift */; };
		2179E11929D4AD1F000D43D4 /* Filter.swift in Sources */ = {isa = PBXBuildFile; fileRef = 2179E11829D4AD1F000D43D4 /* Filter.swift */; };
/* End PBXBuildFile section */

/* Begin PBXFileReference section */
		2133F43929D2F1E500862FDC /* Home.swift */ = {isa = PBXFileReference; lastKnownFileType = sourcecode.swift; path = Home.swift; sourceTree = "<group>"; };
		2133F43C29D3325200862FDC /* Note.swift */ = {isa = PBXFileReference; lastKnownFileType = sourcecode.swift; path = Note.swift; sourceTree = "<group>"; };
		215CA46229B39B3F009484B6 /* sticky.app */ = {isa = PBXFileReference; explicitFileType = wrapper.application; includeInIndex = 0; path = sticky.app; sourceTree = BUILT_PRODUCTS_DIR; };
		215CA46529B39B3F009484B6 /* stickyApp.swift */ = {isa = PBXFileReference; lastKnownFileType = sourcecode.swift; path = stickyApp.swift; sourceTree = "<group>"; };
		215CA46729B39B3F009484B6 /* ContentView.swift */ = {isa = PBXFileReference; lastKnownFileType = sourcecode.swift; path = ContentView.swift; sourceTree = "<group>"; };
		215CA46929B39B40009484B6 /* Assets.xcassets */ = {isa = PBXFileReference; lastKnownFileType = folder.assetcatalog; path = Assets.xcassets; sourceTree = "<group>"; };
		215CA46C29B39B40009484B6 /* Preview Assets.xcassets */ = {isa = PBXFileReference; lastKnownFileType = folder.assetcatalog; path = "Preview Assets.xcassets"; sourceTree = "<group>"; };
		215CA46E29B39B40009484B6 /* sticky.entitlements */ = {isa = PBXFileReference; lastKnownFileType = text.plist.entitlements; path = sticky.entitlements; sourceTree = "<group>"; };
		2179E11629D4A585000D43D4 /* CardView.swift */ = {isa = PBXFileReference; lastKnownFileType = sourcecode.swift; path = CardView.swift; sourceTree = "<group>"; };
		2179E11829D4AD1F000D43D4 /* Filter.swift */ = {isa = PBXFileReference; lastKnownFileType = sourcecode.swift; path = Filter.swift; sourceTree = "<group>"; };
/* End PBXFileReference section */

/* Begin PBXFrameworksBuildPhase section */
		215CA45F29B39B3F009484B6 /* Frameworks */ = {
			isa = PBXFrameworksBuildPhase;
			buildActionMask = 2147483647;
			files = (
			);
			runOnlyForDeploymentPostprocessing = 0;
		};
/* End PBXFrameworksBuildPhase section */

/* Begin PBXGroup section */
		2133F43829D2F1D300862FDC /* View */ = {
			isa = PBXGroup;
			children = (
				2133F43929D2F1E500862FDC /* Home.swift */,
			);
			path = View;
			sourceTree = "<group>";
		};
		2133F43B29D3322600862FDC /* Model */ = {
			isa = PBXGroup;
			children = (
				2133F43C29D3325200862FDC /* Note.swift */,
				2179E11629D4A585000D43D4 /* CardView.swift */,
				2179E11829D4AD1F000D43D4 /* Filter.swift */,
			);
			path = Model;
			sourceTree = "<group>";
		};
		215CA45929B39B3F009484B6 = {
			isa = PBXGroup;
			children = (
				215CA46429B39B3F009484B6 /* sticky */,
				215CA46329B39B3F009484B6 /* Products */,
			);
			sourceTree = "<group>";
		};
		215CA46329B39B3F009484B6 /* Products */ = {
			isa = PBXGroup;
			children = (
				215CA46229B39B3F009484B6 /* sticky.app */,
			);
			name = Products;
			sourceTree = "<group>";
		};
		215CA46429B39B3F009484B6 /* sticky */ = {
			isa = PBXGroup;
			children = (
				2133F43B29D3322600862FDC /* Model */,
				2133F43829D2F1D300862FDC /* View */,
				215CA46529B39B3F009484B6 /* stickyApp.swift */,
				215CA46729B39B3F009484B6 /* ContentView.swift */,
				215CA46929B39B40009484B6 /* Assets.xcassets */,
				215CA46E29B39B40009484B6 /* sticky.entitlements */,
				215CA46B29B39B40009484B6 /* Preview Content */,
			);
			path = sticky;
			sourceTree = "<group>";
		};
		215CA46B29B39B40009484B6 /* Preview Content */ = {
			isa = PBXGroup;
			children = (
				215CA46C29B39B40009484B6 /* Preview Assets.xcassets */,
			);
			path = "Preview Content";
			sourceTree = "<group>";
		};
/* End PBXGroup section */

/* Begin PBXNativeTarget section */
		215CA46129B39B3F009484B6 /* sticky */ = {
			isa = PBXNativeTarget;
			buildConfigurationList = 215CA47129B39B40009484B6 /* Build configuration list for PBXNativeTarget "sticky" */;
			buildPhases = (
				215CA45E29B39B3F009484B6 /* Sources */,
				215CA45F29B39B3F009484B6 /* Frameworks */,
				215CA46029B39B3F009484B6 /* Resources */,
			);
			buildRules = (
			);
			dependencies = (
			);
			name = sticky;
			productName = sticky;
			productReference = 215CA46229B39B3F009484B6 /* sticky.app */;
			productType = "com.apple.product-type.application";
		};
/* End PBXNativeTarget section */

/* Begin PBXProject section */
		215CA45A29B39B3F009484B6 /* Project object */ = {
			isa = PBXProject;
			attributes = {
				BuildIndependentTargetsInParallel = 1;
				LastSwiftUpdateCheck = 1420;
				LastUpgradeCheck = 1420;
				TargetAttributes = {
					215CA46129B39B3F009484B6 = {
						CreatedOnToolsVersion = 14.2;
					};
				};
			};
			buildConfigurationList = 215CA45D29B39B3F009484B6 /* Build configuration list for PBXProject "sticky" */;
			compatibilityVersion = "Xcode 14.0";
			developmentRegion = en;
			hasScannedForEncodings = 0;
			knownRegions = (
				en,
				Base,
			);
			mainGroup = 215CA45929B39B3F009484B6;
			productRefGroup = 215CA46329B39B3F009484B6 /* Products */;
			projectDirPath = "";
			projectRoot = "";
			targets = (
				215CA46129B39B3F009484B6 /* sticky */,
			);
		};
/* End PBXProject section */

/* Begin PBXResourcesBuildPhase section */
		215CA46029B39B3F009484B6 /* Resources */ = {
			isa = PBXResourcesBuildPhase;
			buildActionMask = 2147483647;
			files = (
				215CA46D29B39B40009484B6 /* Preview Assets.xcassets in Resources */,
				215CA46A29B39B40009484B6 /* Assets.xcassets in Resources */,
			);
			runOnlyForDeploymentPostprocessing = 0;
		};
/* End PBXResourcesBuildPhase section */

/* Begin PBXSourcesBuildPhase section */
		215CA45E29B39B3F009484B6 /* Sources */ = {
			isa = PBXSourcesBuildPhase;
			buildActionMask = 2147483647;
			files = (
				215CA46829B39B3F009484B6 /* ContentView.swift in Sources */,
				2179E11929D4AD1F000D43D4 /* Filter.swift in Sources */,
				2133F43A29D2F1E500862FDC /* Home.swift in Sources */,
				215CA46629B39B3F009484B6 /* stickyApp.swift in Sources */,
				2133F43D29D3325200862FDC /* Note.swift in Sources */,
				2179E11729D4A585000D43D4 /* CardView.swift in Sources */,
			);
			runOnlyForDeploymentPostprocessing = 0;
		};
/* End PBXSourcesBuildPhase section */

/* Begin XCBuildConfiguration section */
		215CA46F29B39B40009484B6 /* Debug */ = {
			isa = XCBuildConfiguration;
			buildSettings = {
				ALWAYS_SEARCH_USER_PATHS = NO;
				CLANG_ANALYZER_NONNULL = YES;
				CLANG_ANALYZER_NUMBER_OBJECT_CONVERSION = YES_AGGRESSIVE;
				CLANG_CXX_LANGUAGE_STANDARD = "gnu++20";
				CLANG_ENABLE_MODULES = YES;
				CLANG_ENABLE_OBJC_ARC = YES;
				CLANG_ENABLE_OBJC_WEAK = YES;
				CLANG_WARN_BLOCK_CAPTURE_AUTORELEASING = YES;
				CLANG_WARN_BOOL_CONVERSION = YES;
				CLANG_WARN_COMMA = YES;
				CLANG_WARN_CONSTANT_CONVERSION = YES;
				CLANG_WARN_DEPRECATED_OBJC_IMPLEMENTATIONS = YES;
				CLANG_WARN_DIRECT_OBJC_ISA_USAGE = YES_ERROR;
				CLANG_WARN_DOCUMENTATION_COMMENTS = YES;
				CLANG_WARN_EMPTY_BODY = YES;
				CLANG_WARN_ENUM_CONVERSION = YES;
				CLANG_WARN_INFINITE_RECURSION = YES;
				CLANG_WARN_INT_CONVERSION = YES;
				CLANG_WARN_NON_LITERAL_NULL_CONVERSION = YES;
				CLANG_WARN_OBJC_IMPLICIT_RETAIN_SELF = YES;
				CLANG_WARN_OBJC_LITERAL_CONVERSION = YES;
				CLANG_WARN_OBJC_ROOT_CLASS = YES_ERROR;
				CLANG_WARN_QUOTED_INCLUDE_IN_FRAMEWORK_HEADER = YES;
				CLANG_WARN_RANGE_LOOP_ANALYSIS = YES;
				CLANG_WARN_STRICT_PROTOTYPES = YES;
				CLANG_WARN_SUSPICIOUS_MOVE = YES;
				CLANG_WARN_UNGUARDED_AVAILABILITY = YES_AGGRESSIVE;
				CLANG_WARN_UNREACHABLE_CODE = YES;
				CLANG_WARN__DUPLICATE_METHOD_MATCH = YES;
				COPY_PHASE_STRIP = NO;
				DEBUG_INFORMATION_FORMAT = dwarf;
				ENABLE_STRICT_OBJC_MSGSEND = YES;
				ENABLE_TESTABILITY = YES;
				GCC_C_LANGUAGE_STANDARD = gnu11;
				GCC_DYNAMIC_NO_PIC = NO;
				GCC_NO_COMMON_BLOCKS = YES;
				GCC_OPTIMIZATION_LEVEL = 0;
				GCC_PREPROCESSOR_DEFINITIONS = (
					"DEBUG=1",
					"$(inherited)",
				);
				GCC_WARN_64_TO_32_BIT_CONVERSION = YES;
				GCC_WARN_ABOUT_RETURN_TYPE = YES_ERROR;
				GCC_WARN_UNDECLARED_SELECTOR = YES;
				GCC_WARN_UNINITIALIZED_AUTOS = YES_AGGRESSIVE;
				GCC_WARN_UNUSED_FUNCTION = YES;
				GCC_WARN_UNUSED_VARIABLE = YES;
				MACOSX_DEPLOYMENT_TARGET = 13.0;
				MTL_ENABLE_DEBUG_INFO = INCLUDE_SOURCE;
				MTL_FAST_MATH = YES;
				ONLY_ACTIVE_ARCH = YES;
				SDKROOT = macosx;
				SWIFT_ACTIVE_COMPILATION_CONDITIONS = DEBUG;
				SWIFT_OPTIMIZATION_LEVEL = "-Onone";
			};
			name = Debug;
		};
		215CA47029B39B40009484B6 /* Release */ = {
			isa = XCBuildConfiguration;
			buildSettings = {
				ALWAYS_SEARCH_USER_PATHS = NO;
				CLANG_ANALYZER_NONNULL = YES;
				CLANG_ANALYZER_NUMBER_OBJECT_CONVERSION = YES_AGGRESSIVE;
				CLANG_CXX_LANGUAGE_STANDARD = "gnu++20";
				CLANG_ENABLE_MODULES = YES;
				CLANG_ENABLE_OBJC_ARC = YES;
				CLANG_ENABLE_OBJC_WEAK = YES;
				CLANG_WARN_BLOCK_CAPTURE_AUTORELEASING = YES;
				CLANG_WARN_BOOL_CONVERSION = YES;
				CLANG_WARN_COMMA = YES;
				CLANG_WARN_CONSTANT_CONVERSION = YES;
				CLANG_WARN_DEPRECATED_OBJC_IMPLEMENTATIONS = YES;
				CLANG_WARN_DIRECT_OBJC_ISA_USAGE = YES_ERROR;
				CLANG_WARN_DOCUMENTATION_COMMENTS = YES;
				CLANG_WARN_EMPTY_BODY = YES;
				CLANG_WARN_ENUM_CONVERSION = YES;
				CLANG_WARN_INFINITE_RECURSION = YES;
				CLANG_WARN_INT_CONVERSION = YES;
				CLANG_WARN_NON_LITERAL_NULL_CONVERSION = YES;
				CLANG_WARN_OBJC_IMPLICIT_RETAIN_SELF = YES;
				CLANG_WARN_OBJC_LITERAL_CONVERSION = YES;
				CLANG_WARN_OBJC_ROOT_CLASS = YES_ERROR;
				CLANG_WARN_QUOTED_INCLUDE_IN_FRAMEWORK_HEADER = YES;
				CLANG_WARN_RANGE_LOOP_ANALYSIS = YES;
				CLANG_WARN_STRICT_PROTOTYPES = YES;
				CLANG_WARN_SUSPICIOUS_MOVE = YES;
				CLANG_WARN_UNGUARDED_AVAILABILITY = YES_AGGRESSIVE;
				CLANG_WARN_UNREACHABLE_CODE = YES;
				CLANG_WARN__DUPLICATE_METHOD_MATCH = YES;
				COPY_PHASE_STRIP = NO;
				DEBUG_INFORMATION_FORMAT = "dwarf-with-dsym";
				ENABLE_NS_ASSERTIONS = NO;
				ENABLE_STRICT_OBJC_MSGSEND = YES;
				GCC_C_LANGUAGE_STANDARD = gnu11;
				GCC_NO_COMMON_BLOCKS = YES;
				GCC_WARN_64_TO_32_BIT_CONVERSION = YES;
				GCC_WARN_ABOUT_RETURN_TYPE = YES_ERROR;
				GCC_WARN_UNDECLARED_SELECTOR = YES;
				GCC_WARN_UNINITIALIZED_AUTOS = YES_AGGRESSIVE;
				GCC_WARN_UNUSED_FUNCTION = YES;
				GCC_WARN_UNUSED_VARIABLE = YES;
				MACOSX_DEPLOYMENT_TARGET = 13.0;
				MTL_ENABLE_DEBUG_INFO = NO;
				MTL_FAST_MATH = YES;
				SDKROOT = macosx;
				SWIFT_COMPILATION_MODE = wholemodule;
				SWIFT_OPTIMIZATION_LEVEL = "-O";
			};
			name = Release;
		};
		215CA47229B39B40009484B6 /* Debug */ = {
			isa = XCBuildConfiguration;
			buildSettings = {
				ASSETCATALOG_COMPILER_APPICON_NAME = AppIcon;
				ASSETCATALOG_COMPILER_GLOBAL_ACCENT_COLOR_NAME = AccentColor;
				CODE_SIGN_ENTITLEMENTS = sticky/sticky.entitlements;
				CODE_SIGN_STYLE = Automatic;
				COMBINE_HIDPI_IMAGES = YES;
				CURRENT_PROJECT_VERSION = 1;
				DEVELOPMENT_ASSET_PATHS = "\"sticky/Preview Content\"";
				ENABLE_PREVIEWS = YES;
				GENERATE_INFOPLIST_FILE = YES;
				INFOPLIST_KEY_NSHumanReadableCopyright = "";
				LD_RUNPATH_SEARCH_PATHS = (
					"$(inherited)",
					"@executable_path/../Frameworks",
				);
				MARKETING_VERSION = 1.0;
				PRODUCT_BUNDLE_IDENTIFIER = naiy.sticky;
				PRODUCT_NAME = "$(TARGET_NAME)";
				SWIFT_EMIT_LOC_STRINGS = YES;
				SWIFT_VERSION = 5.0;
			};
			name = Debug;
		};
		215CA47329B39B40009484B6 /* Release */ = {
			isa = XCBuildConfiguration;
			buildSettings = {
				ASSETCATALOG_COMPILER_APPICON_NAME = AppIcon;
				ASSETCATALOG_COMPILER_GLOBAL_ACCENT_COLOR_NAME = AccentColor;
				CODE_SIGN_ENTITLEMENTS = sticky/sticky.entitlements;
				CODE_SIGN_STYLE = Automatic;
				COMBINE_HIDPI_IMAGES = YES;
				CURRENT_PROJECT_VERSION = 1;
				DEVELOPMENT_ASSET_PATHS = "\"sticky/Preview Content\"";
				ENABLE_PREVIEWS = YES;
				GENERATE_INFOPLIST_FILE = YES;
				INFOPLIST_KEY_NSHumanReadableCopyright = "";
				LD_RUNPATH_SEARCH_PATHS = (
					"$(inherited)",
					"@executable_path/../Frameworks",
				);
				MARKETING_VERSION = 1.0;
				PRODUCT_BUNDLE_IDENTIFIER = naiy.sticky;
				PRODUCT_NAME = "$(TARGET_NAME)";
				SWIFT_EMIT_LOC_STRINGS = YES;
				SWIFT_VERSION = 5.0;
			};
			name = Release;
		};
/* End XCBuildConfiguration section */

/* Begin XCConfigurationList section */
		215CA45D29B39B3F009484B6 /* Build configuration list for PBXProject "sticky" */ = {
			isa = XCConfigurationList;
			buildConfigurations = (
				215CA46F29B39B40009484B6 /* Debug */,
				215CA47029B39B40009484B6 /* Release */,
			);
			defaultConfigurationIsVisible = 0;
			defaultConfigurationName = Release;
		};
		215CA47129B39B40009484B6 /* Build configuration list for PBXNativeTarget "sticky" */ = {
			isa = XCConfigurationList;
			buildConfigurations = (
				215CA47229B39B40009484B6 /* Debug */,
				215CA47329B39B40009484B6 /* Release */,
			);
			defaultConfigurationIsVisible = 0;
			defaultConfigurationName = Release;
		};
/* End XCConfigurationList section */
	};
	rootObject = 215CA45A29B39B3F009484B6 /* Project object */;
}
